
Microsoft Visual Studio Solution File, Format Version 12.00
# Visual Studio 15
VisualStudioVersion = 15.0.27130.2010
MinimumVisualStudioVersion = 10.0.40219.1
Project("{8BC9CEB8-8B4A-11D0-8D11-00A0C91BC942}") = "avsproxy", "avsproxy\avsproxy.vcxproj", "{97DE7C67-230D-4A2D-AD67-B5C3080E420E}"
	ProjectSection(ProjectDependencies) = postProject
		{EE8AD919-DBB0-48C8-9A90-D38801B57218} = {EE8AD919-DBB0-48C8-9A90-D38801B57218}
	EndProjectSection
EndProject
Project("{8BC9CEB8-8B4A-11D0-8D11-00A0C91BC942}") = "avshost_native", "avshost_native\avshost_native.vcxproj", "{D45D219E-6F79-4C76-AE37-8C2372B3817C}"
	ProjectSection(ProjectDependencies) = postProject
		{6C75E942-7999-44FD-8052-85C2AC0F7A1E} = {6C75E942-7999-44FD-8052-85C2AC0F7A1E}
	EndProjectSection
EndProject
Project("{8BC9CEB8-8B4A-11D0-8D11-00A0C91BC942}") = "ipc32", "ipc32\ipc32.vcxproj", "{6C75E942-7999-44FD-8052-85C2AC0F7A1E}"
EndProject
Project("{8BC9CEB8-8B4A-11D0-8D11-00A0C91BC942}") = "ipc64", "ipc64\ipc64.vcxproj", "{EE8AD919-DBB0-48C8-9A90-D38801B57218}"
EndProject
Project("{8BC9CEB8-8B4A-11D0-8D11-00A0C91BC942}") = "testapp", "testapp\testapp.vcxproj", "{C164761E-4E96-4FD2-8A9A-BD3A38707527}"
	ProjectSection(ProjectDependencies) = postProject
		{EE8AD919-DBB0-48C8-9A90-D38801B57218} = {EE8AD919-DBB0-48C8-9A90-D38801B57218}
	EndProjectSection
EndProject
Global
	GlobalSection(SolutionConfigurationPlatforms) = preSolution
		Debug|x64 = Debug|x64
		Debug|x86 = Debug|x86
		Release|x64 = Release|x64
		Release|x86 = Release|x86
	EndGlobalSection
	GlobalSection(ProjectConfigurationPlatforms) = postSolution
		{97DE7C67-230D-4A2D-AD67-B5C3080E420E}.Debug|x64.ActiveCfg = Debug|x64
		{97DE7C67-230D-4A2D-AD67-B5C3080E420E}.Debug|x64.Build.0 = Debug|x64
		{97DE7C67-230D-4A2D-AD67-B5C3080E420E}.Debug|x86.ActiveCfg = Debug|Win32
		{97DE7C67-230D-4A2D-AD67-B5C3080E420E}.Debug|x86.Build.0 = Debug|Win32
		{97DE7C67-230D-4A2D-AD67-B5C3080E420E}.Release|x64.ActiveCfg = Release|x64
		{97DE7C67-230D-4A2D-AD67-B5C3080E420E}.Release|x64.Build.0 = Release|x64
		{97DE7C67-230D-4A2D-AD67-B5C3080E420E}.Release|x86.ActiveCfg = Release|Win32
		{97DE7C67-230D-4A2D-AD67-B5C3080E420E}.Release|x86.Build.0 = Release|Win32
		{D45D219E-6F79-4C76-AE37-8C2372B3817C}.Debug|x64.ActiveCfg = Debug|Win32
		{D45D219E-6F79-4C76-AE37-8C2372B3817C}.Debug|x64.Build.0 = Debug|Win32
		{D45D219E-6F79-4C76-AE37-8C2372B3817C}.Debug|x86.ActiveCfg = Debug|Win32
		{D45D219E-6F79-4C76-AE37-8C2372B3817C}.Debug|x86.Build.0 = Debug|Win32
		{D45D219E-6F79-4C76-AE37-8C2372B3817C}.Release|x64.ActiveCfg = Release|Win32
		{D45D219E-6F79-4C76-AE37-8C2372B3817C}.Release|x64.Build.0 = Release|Win32
		{D45D219E-6F79-4C76-AE37-8C2372B3817C}.Release|x86.ActiveCfg = Release|Win32
		{D45D219E-6F79-4C76-AE37-8C2372B3817C}.Release|x86.Build.0 = Release|Win32
		{6C75E942-7999-44FD-8052-85C2AC0F7A1E}.Debug|x64.ActiveCfg = Debug|Win32
		{6C75E942-7999-44FD-8052-85C2AC0F7A1E}.Debug|x64.Build.0 = Debug|Win32
		{6C75E942-7999-44FD-8052-85C2AC0F7A1E}.Debug|x86.ActiveCfg = Debug|Win32
		{6C75E942-7999-44FD-8052-85C2AC0F7A1E}.Debug|x86.Build.0 = Debug|Win32
		{6C75E942-7999-44FD-8052-85C2AC0F7A1E}.Release|x64.ActiveCfg = Release|Win32
		{6C75E942-7999-44FD-8052-85C2AC0F7A1E}.Release|x64.Build.0 = Release|Win32
		{6C75E942-7999-44FD-8052-85C2AC0F7A1E}.Release|x86.ActiveCfg = Release|Win32
		{6C75E942-7999-44FD-8052-85C2AC0F7A1E}.Release|x86.Build.0 = Release|Win32
		{EE8AD919-DBB0-48C8-9A90-D38801B57218}.Debug|x64.ActiveCfg = Debug|x64
		{EE8AD919-DBB0-48C8-9A90-D38801B57218}.Debug|x64.Build.0 = Debug|x64
		{EE8AD919-DBB0-48C8-9A90-D38801B57218}.Debug|x86.ActiveCfg = Debug|Win32
		{EE8AD919-DBB0-48C8-9A90-D38801B57218}.Debug|x86.Build.0 = Debug|Win32
		{EE8AD919-DBB0-48C8-9A90-D38801B57218}.Release|x64.ActiveCfg = Release|x64
		{EE8AD919-DBB0-48C8-9A90-D38801B57218}.Release|x64.Build.0 = Release|x64
		{EE8AD919-DBB0-48C8-9A90-D38801B57218}.Release|x86.ActiveCfg = Release|Win32
		{EE8AD919-DBB0-48C8-9A90-D38801B57218}.Release|x86.Build.0 = Release|Win32
		{C164761E-4E96-4FD2-8A9A-BD3A38707527}.Debug|x64.ActiveCfg = Debug|x64
		{C164761E-4E96-4FD2-8A9A-BD3A38707527}.Debug|x64.Build.0 = Debug|x64
		{C164761E-4E96-4FD2-8A9A-BD3A38707527}.Debug|x86.ActiveCfg = Debug|Win32
		{C164761E-4E96-4FD2-8A9A-BD3A38707527}.Debug|x86.Build.0 = Debug|Win32
		{C164761E-4E96-4FD2-8A9A-BD3A38707527}.Release|x64.ActiveCfg = Release|x64
		{C164761E-4E96-4FD2-8A9A-BD3A38707527}.Release|x64.Build.0 = Release|x64
		{C164761E-4E96-4FD2-8A9A-BD3A38707527}.Release|x86.ActiveCfg = Release|Win32
		{C164761E-4E96-4FD2-8A9A-BD3A38707527}.Release|x86.Build.0 = Release|Win32
	EndGlobalSection
	GlobalSection(SolutionProperties) = preSolution
		HideSolutionNode = FALSE
	EndGlobalSection
	GlobalSection(ExtensibilityGlobals) = postSolution
		SolutionGuid = {4506DD06-DA95-4416-9DF9-E0A3A1C4420F}
	EndGlobalSection
EndGlobal
